
Microsoft Visual Studio Solution File, Format Version 12.00
# Visual Studio Version 17
VisualStudioVersion = 17.10.35013.160
MinimumVisualStudioVersion = 10.0.40219.1
Project("{9A19103F-16F7-4668-BE54-9A1E7A4F7556}") = "DevControl.App", "DevControl.App\DevControl.App.csproj", "{1F2E293A-BBFE-4760-8270-F002D895BF3C}"
EndProject
Global
	GlobalSection(SolutionConfigurationPlatforms) = preSolution
		Debug|Any CPU = Debug|Any CPU
		Release|Any CPU = Release|Any CPU
	EndGlobalSection
	GlobalSection(ProjectConfigurationPlatforms) = postSolution
		{1F2E293A-BBFE-4760-8270-F002D895BF3C}.Debug|Any CPU.ActiveCfg = Debug|Any CPU
		{1F2E293A-BBFE-4760-8270-F002D895BF3C}.Debug|Any CPU.Build.0 = Debug|Any CPU
		{1F2E293A-BBFE-4760-8270-F002D895BF3C}.Release|Any CPU.ActiveCfg = Release|Any CPU
		{1F2E293A-BBFE-4760-8270-F002D895BF3C}.Release|Any CPU.Build.0 = Release|Any CPU
	EndGlobalSection
	GlobalSection(SolutionProperties) = preSolution
		HideSolutionNode = FALSE
	EndGlobalSection
	GlobalSection(ExtensibilityGlobals) = postSolution
		SolutionGuid = {0EC0CE62-088E-4F74-98BA-0DCC91B4CA26}
	EndGlobalSection
EndGlobal
